
Microsoft Visual Studio Solution File, Format Version 12.00
# Visual Studio Version 17
VisualStudioVersion = 17.13.35931.197 d17.13
MinimumVisualStudioVersion = 10.0.40219.1
Project("{FAE04EC0-301F-11D3-BF4B-00C04F79EFBC}") = "TodoAppV2", "TodoAppV2\TodoAppV2.csproj", "{D70C00D2-A042-427E-A4C0-EBCC380FD42B}"
EndProject
Global
	GlobalSection(SolutionConfigurationPlatforms) = preSolution
		Debug|Any CPU = Debug|Any CPU
		Release|Any CPU = Release|Any CPU
	EndGlobalSection
	GlobalSection(ProjectConfigurationPlatforms) = postSolution
		{D70C00D2-A042-427E-A4C0-EBCC380FD42B}.Debug|Any CPU.ActiveCfg = Debug|Any CPU
		{D70C00D2-A042-427E-A4C0-EBCC380FD42B}.Debug|Any CPU.Build.0 = Debug|Any CPU
		{D70C00D2-A042-427E-A4C0-EBCC380FD42B}.Release|Any CPU.ActiveCfg = Release|Any CPU
		{D70C00D2-A042-427E-A4C0-EBCC380FD42B}.Release|Any CPU.Build.0 = Release|Any CPU
	EndGlobalSection
	GlobalSection(SolutionProperties) = preSolution
		HideSolutionNode = FALSE
	EndGlobalSection
	GlobalSection(ExtensibilityGlobals) = postSolution
		SolutionGuid = {64704DE4-5EE0-467C-AABA-B09A936E819C}
	EndGlobalSection
EndGlobal
